
Microsoft Visual Studio Solution File, Format Version 12.00
# Visual Studio Version 17
VisualStudioVersion = 17.5.33414.496
MinimumVisualStudioVersion = 10.0.40219.1
Project("{FAE04EC0-301F-11D3-BF4B-00C04F79EFBC}") = "HPlusSport.API", "HPlusSport.API\HPlusSport.API.csproj", "{501EC6CE-F346-4393-98A4-0025BF59D9A4}"
EndProject
Global
	GlobalSection(SolutionConfigurationPlatforms) = preSolution
		Debug|Any CPU = Debug|Any CPU
		Release|Any CPU = Release|Any CPU
	EndGlobalSection
	GlobalSection(ProjectConfigurationPlatforms) = postSolution
		{501EC6CE-F346-4393-98A4-0025BF59D9A4}.Debug|Any CPU.ActiveCfg = Debug|Any CPU
		{501EC6CE-F346-4393-98A4-0025BF59D9A4}.Debug|Any CPU.Build.0 = Debug|Any CPU
		{501EC6CE-F346-4393-98A4-0025BF59D9A4}.Release|Any CPU.ActiveCfg = Release|Any CPU
		{501EC6CE-F346-4393-98A4-0025BF59D9A4}.Release|Any CPU.Build.0 = Release|Any CPU
	EndGlobalSection
	GlobalSection(SolutionProperties) = preSolution
		HideSolutionNode = FALSE
	EndGlobalSection
	GlobalSection(ExtensibilityGlobals) = postSolution
		SolutionGuid = {AD55D499-4D37-4193-8769-77185801DCDE}
	EndGlobalSection
EndGlobal
